
Microsoft Visual Studio Solution File, Format Version 12.00
# Visual Studio Version 17
VisualStudioVersion = 17.5.002.0
MinimumVisualStudioVersion = 10.0.40219.1
Project("{9A19103F-16F7-4668-BE54-9A1E7A4F7556}") = "dotnet-cyberpunk-challenge-3_14", "dotnet-cyberpunk-challenge-3_14.csproj", "{2DB16896-898B-4EBC-982E-E17325187F44}"
EndProject
Global
	GlobalSection(SolutionConfigurationPlatforms) = preSolution
		Debug|Any CPU = Debug|Any CPU
		Release|Any CPU = Release|Any CPU
	EndGlobalSection
	GlobalSection(ProjectConfigurationPlatforms) = postSolution
		{2DB16896-898B-4EBC-982E-E17325187F44}.Debug|Any CPU.ActiveCfg = Debug|Any CPU
		{2DB16896-898B-4EBC-982E-E17325187F44}.Debug|Any CPU.Build.0 = Debug|Any CPU
		{2DB16896-898B-4EBC-982E-E17325187F44}.Release|Any CPU.ActiveCfg = Release|Any CPU
		{2DB16896-898B-4EBC-982E-E17325187F44}.Release|Any CPU.Build.0 = Release|Any CPU
	EndGlobalSection
	GlobalSection(SolutionProperties) = preSolution
		HideSolutionNode = FALSE
	EndGlobalSection
	GlobalSection(ExtensibilityGlobals) = postSolution
		SolutionGuid = {AD8B94D9-0AA1-4AD1-AC23-1D7D88677D78}
	EndGlobalSection
EndGlobal
